# This file is automatically @generated by Cargo.
# It is not intended for manual editing.
version = 4

[[package]]
name = "mu_api"
version = "0.1.0"
dependencies = [
 "mu_core",
]

[[package]]
name = "mu_audit"
version = "0.1.0"
dependencies = [
 "mu_core",
]

[[package]]
name = "mu_bench"
version = "0.1.0"
dependencies = [
 "mu_core",
]

[[package]]
name = "mu_cli"
version = "0.1.0"
dependencies = [
 "mu_core",
]

[[package]]
name = "mu_core"
version = "0.1.0"

[[package]]
name = "mu_db"
version = "0.1.0"
dependencies = [
 "mu_core",
]

[[package]]
name = "mu_protocol"
version = "0.1.0"
dependencies = [
 "mu_core",
]

[[package]]
name = "mu_security"
version = "0.1.0"

[[package]]
name = "mu_sim"
version = "0.1.0"
dependencies = [
 "mu_core",
]
